// !$*UTF8*$!
{
	archiveVersion = 1;
	classes = {
	};
	objectVersion = 50;
	objects = {

/* Begin PBXBuildFile section */
		5569F1C924D1536000E2C841 /* AppDelegate.swift in Sources */ = {isa = PBXBuildFile; fileRef = 5569F1C824D1536000E2C841 /* AppDelegate.swift */; };
		5569F1CB24D1536000E2C841 /* SceneDelegate.swift in Sources */ = {isa = PBXBuildFile; fileRef = 5569F1CA24D1536000E2C841 /* SceneDelegate.swift */; };
		5569F1CD24D1536000E2C841 /* ViewController.swift in Sources */ = {isa = PBXBuildFile; fileRef = 5569F1CC24D1536000E2C841 /* ViewController.swift */; };
		5569F1D024D1536000E2C841 /* Main.storyboard in Resources */ = {isa = PBXBuildFile; fileRef = 5569F1CE24D1536000E2C841 /* Main.storyboard */; };
		5569F1D224D1536000E2C841 /* Assets.xcassets in Resources */ = {isa = PBXBuildFile; fileRef = 5569F1D124D1536000E2C841 /* Assets.xcassets */; };
		5569F1D524D1536000E2C841 /* LaunchScreen.storyboard in Resources */ = {isa = PBXBuildFile; fileRef = 5569F1D324D1536000E2C841 /* LaunchScreen.storyboard */; };
/* End PBXBuildFile section */

/* Begin PBXFileReference section */
		5569F1C524D1536000E2C841 /* ePocket.app */ = {isa = PBXFileReference; explicitFileType = wrapper.application; includeInIndex = 0; path = ePocket.app; sourceTree = BUILT_PRODUCTS_DIR; };
		5569F1C824D1536000E2C841 /* AppDelegate.swift */ = {isa = PBXFileReference; lastKnownFileType = sourcecode.swift; path = AppDelegate.swift; sourceTree = "<group>"; };
		5569F1CA24D1536000E2C841 /* SceneDelegate.swift */ = {isa = PBXFileReference; lastKnownFileType = sourcecode.swift; path = SceneDelegate.swift; sourceTree = "<group>"; };
		5569F1CC24D1536000E2C841 /* ViewController.swift */ = {isa = PBXFileReference; lastKnownFileType = sourcecode.swift; path = ViewController.swift; sourceTree = "<group>"; };
		5569F1CF24D1536000E2C841 /* Base */ = {isa = PBXFileReference; lastKnownFileType = file.storyboard; name = Base; path = Base.lproj/Main.storyboard; sourceTree = "<group>"; };
		5569F1D124D1536000E2C841 /* Assets.xcassets */ = {isa = PBXFileReference; lastKnownFileType = folder.assetcatalog; path = Assets.xcassets; sourceTree = "<group>"; };
		5569F1D424D1536000E2C841 /* Base */ = {isa = PBXFileReference; lastKnownFileType = file.storyboard; name = Base; path = Base.lproj/LaunchScreen.storyboard; sourceTree = "<group>"; };
		5569F1D624D1536000E2C841 /* Info.plist */ = {isa = PBXFileReference; lastKnownFileType = text.plist.xml; path = Info.plist; sourceTree = "<group>"; };
/* End PBXFileReference section */

/* Begin PBXFrameworksBuildPhase section */
		5569F1C224D1536000E2C841 /* Frameworks */ = {
			isa = PBXFrameworksBuildPhase;
			buildActionMask = 2147483647;
			files = (
			);
			runOnlyForDeploymentPostprocessing = 0;
		};
/* End PBXFrameworksBuildPhase section */

/* Begin PBXGroup section */
		5569F1BC24D1535F00E2C841 = {
			isa = PBXGroup;
			children = (
				5569F1C724D1536000E2C841 /* ePocket */,
				5569F1C624D1536000E2C841 /* Products */,
			);
			sourceTree = "<group>";
		};
		5569F1C624D1536000E2C841 /* Products */ = {
			isa = PBXGroup;
			children = (
				5569F1C524D1536000E2C841 /* ePocket.app */,
			);
			name = Products;
			sourceTree = "<group>";
		};
		5569F1C724D1536000E2C841 /* ePocket */ = {
			isa = PBXGroup;
			children = (
				5569F1C824D1536000E2C841 /* AppDelegate.swift */,
				5569F1CA24D1536000E2C841 /* SceneDelegate.swift */,
				5569F1CC24D1536000E2C841 /* ViewController.swift */,
				5569F1CE24D1536000E2C841 /* Main.storyboard */,
				5569F1D124D1536000E2C841 /* Assets.xcassets */,
				5569F1D324D1536000E2C841 /* LaunchScreen.storyboard */,
				5569F1D624D1536000E2C841 /* Info.plist */,
			);
			path = ePocket;
			sourceTree = "<group>";
		};
/* End PBXGroup section */

/* Begin PBXNativeTarget section */
		5569F1C424D1536000E2C841 /* ePocket */ = {
			isa = PBXNativeTarget;
			buildConfigurationList = 5569F1D924D1536000E2C841 /* Build configuration list for PBXNativeTarget "ePocket" */;
			buildPhases = (
				5569F1C124D1536000E2C841 /* Sources */,
				5569F1C224D1536000E2C841 /* Frameworks */,
				5569F1C324D1536000E2C841 /* Resources */,
			);
			buildRules = (
			);
			dependencies = (
			);
			name = ePocket;
			productName = ePocket;
			productReference = 5569F1C524D1536000E2C841 /* ePocket.app */;
			productType = "com.apple.product-type.application";
		};
/* End PBXNativeTarget section */

/* Begin PBXProject section */
		5569F1BD24D1535F00E2C841 /* Project object */ = {
			isa = PBXProject;
			attributes = {
				LastSwiftUpdateCheck = 1160;
				LastUpgradeCheck = 1160;
				ORGANIZATIONNAME = "Gokul Nair";
				TargetAttributes = {
					5569F1C424D1536000E2C841 = {
						CreatedOnToolsVersion = 11.6;
					};
				};
			};
			buildConfigurationList = 5569F1C024D1535F00E2C841 /* Build configuration list for PBXProject "ePocket" */;
			compatibilityVersion = "Xcode 9.3";
			developmentRegion = en;
			hasScannedForEncodings = 0;
			knownRegions = (
				en,
				Base,
			);
			mainGroup = 5569F1BC24D1535F00E2C841;
			productRefGroup = 5569F1C624D1536000E2C841 /* Products */;
			projectDirPath = "";
			projectRoot = "";
			targets = (
				5569F1C424D1536000E2C841 /* ePocket */,
			);
		};
/* End PBXProject section */

/* Begin PBXResourcesBuildPhase section */
		5569F1C324D1536000E2C841 /* Resources */ = {
			isa = PBXResourcesBuildPhase;
			buildActionMask = 2147483647;
			files = (
				5569F1D524D1536000E2C841 /* LaunchScreen.storyboard in Resources */,
				5569F1D224D1536000E2C841 /* Assets.xcassets in Resources */,
				5569F1D024D1536000E2C841 /* Main.storyboard in Resources */,
			);
			runOnlyForDeploymentPostprocessing = 0;
		};
/* End PBXResourcesBuildPhase section */

/* Begin PBXSourcesBuildPhase section */
		5569F1C124D1536000E2C841 /* Sources */ = {
			isa = PBXSourcesBuildPhase;
			buildActionMask = 2147483647;
			files = (
				5569F1CD24D1536000E2C841 /* ViewController.swift in Sources */,
				5569F1C924D1536000E2C841 /* AppDelegate.swift in Sources */,
				5569F1CB24D1536000E2C841 /* SceneDelegate.swift in Sources */,
			);
			runOnlyForDeploymentPostprocessing = 0;
		};
/* End PBXSourcesBuildPhase section */

/* Begin PBXVariantGroup section */
		5569F1CE24D1536000E2C841 /* Main.storyboard */ = {
			isa = PBXVariantGroup;
			children = (
				5569F1CF24D1536000E2C841 /* Base */,
			);
			name = Main.storyboard;
			sourceTree = "<group>";
		};
		5569F1D324D1536000E2C841 /* LaunchScreen.storyboard */ = {
			isa = PBXVariantGroup;
			children = (
				5569F1D424D1536000E2C841 /* Base */,
			);
			name = LaunchScreen.storyboard;
			sourceTree = "<group>";
		};
/* End PBXVariantGroup section */

/* Begin XCBuildConfiguration section */
		5569F1D724D1536000E2C841 /* Debug */ = {
			isa = XCBuildConfiguration;
			buildSettings = {
				ALWAYS_SEARCH_USER_PATHS = NO;
				CLANG_ANALYZER_NONNULL = YES;
				CLANG_ANALYZER_NUMBER_OBJECT_CONVERSION = YES_AGGRESSIVE;
				CLANG_CXX_LANGUAGE_STANDARD = "gnu++14";
				CLANG_CXX_LIBRARY = "libc++";
				CLANG_ENABLE_MODULES = YES;
				CLANG_ENABLE_OBJC_ARC = YES;
				CLANG_ENABLE_OBJC_WEAK = YES;
				CLANG_WARN_BLOCK_CAPTURE_AUTORELEASING = YES;
				CLANG_WARN_BOOL_CONVERSION = YES;
				CLANG_WARN_COMMA = YES;
				CLANG_WARN_CONSTANT_CONVERSION = YES;
				CLANG_WARN_DEPRECATED_OBJC_IMPLEMENTATIONS = YES;
				CLANG_WARN_DIRECT_OBJC_ISA_USAGE = YES_ERROR;
				CLANG_WARN_DOCUMENTATION_COMMENTS = YES;
				CLANG_WARN_EMPTY_BODY = YES;
				CLANG_WARN_ENUM_CONVERSION = YES;
				CLANG_WARN_INFINITE_RECURSION = YES;
				CLANG_WARN_INT_CONVERSION = YES;
				CLANG_WARN_NON_LITERAL_NULL_CONVERSION = YES;
				CLANG_WARN_OBJC_IMPLICIT_RETAIN_SELF = YES;
				CLANG_WARN_OBJC_LITERAL_CONVERSION = YES;
				CLANG_WARN_OBJC_ROOT_CLASS = YES_ERROR;
				CLANG_WARN_RANGE_LOOP_ANALYSIS = YES;
				CLANG_WARN_STRICT_PROTOTYPES = YES;
				CLANG_WARN_SUSPICIOUS_MOVE = YES;
				CLANG_WARN_UNGUARDED_AVAILABILITY = YES_AGGRESSIVE;
				CLANG_WARN_UNREACHABLE_CODE = YES;
				CLANG_WARN__DUPLICATE_METHOD_MATCH = YES;
				COPY_PHASE_STRIP = NO;
				DEBUG_INFORMATION_FORMAT = dwarf;
				ENABLE_STRICT_OBJC_MSGSEND = YES;
				ENABLE_TESTABILITY = YES;
				GCC_C_LANGUAGE_STANDARD = gnu11;
				GCC_DYNAMIC_NO_PIC = NO;
				GCC_NO_COMMON_BLOCKS = YES;
				GCC_OPTIMIZATION_LEVEL = 0;
				GCC_PREPROCESSOR_DEFINITIONS = (
					"DEBUG=1",
					"$(inherited)",
				);
				GCC_WARN_64_TO_32_BIT_CONVERSION = YES;
				GCC_WARN_ABOUT_RETURN_TYPE = YES_ERROR;
				GCC_WARN_UNDECLARED_SELECTOR = YES;
				GCC_WARN_UNINITIALIZED_AUTOS = YES_AGGRESSIVE;
				GCC_WARN_UNUSED_FUNCTION = YES;
				GCC_WARN_UNUSED_VARIABLE = YES;
				IPHONEOS_DEPLOYMENT_TARGET = 13.6;
				MTL_ENABLE_DEBUG_INFO = INCLUDE_SOURCE;
				MTL_FAST_MATH = YES;
				ONLY_ACTIVE_ARCH = YES;
				SDKROOT = iphoneos;
				SWIFT_ACTIVE_COMPILATION_CONDITIONS = DEBUG;
				SWIFT_OPTIMIZATION_LEVEL = "-Onone";
			};
			name = Debug;
		};
		5569F1D824D1536000E2C841 /* Release */ = {
			isa = XCBuildConfiguration;
			buildSettings = {
				ALWAYS_SEARCH_USER_PATHS = NO;
				CLANG_ANALYZER_NONNULL = YES;
				CLANG_ANALYZER_NUMBER_OBJECT_CONVERSION = YES_AGGRESSIVE;
				CLANG_CXX_LANGUAGE_STANDARD = "gnu++14";
				CLANG_CXX_LIBRARY = "libc++";
				CLANG_ENABLE_MODULES = YES;
				CLANG_ENABLE_OBJC_ARC = YES;
				CLANG_ENABLE_OBJC_WEAK = YES;
				CLANG_WARN_BLOCK_CAPTURE_AUTORELEASING = YES;
				CLANG_WARN_BOOL_CONVERSION = YES;
				CLANG_WARN_COMMA = YES;
				CLANG_WARN_CONSTANT_CONVERSION = YES;
				CLANG_WARN_DEPRECATED_OBJC_IMPLEMENTATIONS = YES;
				CLANG_WARN_DIRECT_OBJC_ISA_USAGE = YES_ERROR;
				CLANG_WARN_DOCUMENTATION_COMMENTS = YES;
				CLANG_WARN_EMPTY_BODY = YES;
				CLANG_WARN_ENUM_CONVERSION = YES;
				CLANG_WARN_INFINITE_RECURSION = YES;
				CLANG_WARN_INT_CONVERSION = YES;
				CLANG_WARN_NON_LITERAL_NULL_CONVERSION = YES;
				CLANG_WARN_OBJC_IMPLICIT_RETAIN_SELF = YES;
				CLANG_WARN_OBJC_LITERAL_CONVERSION = YES;
				CLANG_WARN_OBJC_ROOT_CLASS = YES_ERROR;
				CLANG_WARN_RANGE_LOOP_ANALYSIS = YES;
				CLANG_WARN_STRICT_PROTOTYPES = YES;
				CLANG_WARN_SUSPICIOUS_MOVE = YES;
				CLANG_WARN_UNGUARDED_AVAILABILITY = YES_AGGRESSIVE;
				CLANG_WARN_UNREACHABLE_CODE = YES;
				CLANG_WARN__DUPLICATE_METHOD_MATCH = YES;
				COPY_PHASE_STRIP = NO;
				DEBUG_INFORMATION_FORMAT = "dwarf-with-dsym";
				ENABLE_NS_ASSERTIONS = NO;
				ENABLE_STRICT_OBJC_MSGSEND = YES;
				GCC_C_LANGUAGE_STANDARD = gnu11;
				GCC_NO_COMMON_BLOCKS = YES;
				GCC_WARN_64_TO_32_BIT_CONVERSION = YES;
				GCC_WARN_ABOUT_RETURN_TYPE = YES_ERROR;
				GCC_WARN_UNDECLARED_SELECTOR = YES;
				GCC_WARN_UNINITIALIZED_AUTOS = YES_AGGRESSIVE;
				GCC_WARN_UNUSED_FUNCTION = YES;
				GCC_WARN_UNUSED_VARIABLE = YES;
				IPHONEOS_DEPLOYMENT_TARGET = 13.6;
				MTL_ENABLE_DEBUG_INFO = NO;
				MTL_FAST_MATH = YES;
				SDKROOT = iphoneos;
				SWIFT_COMPILATION_MODE = wholemodule;
				SWIFT_OPTIMIZATION_LEVEL = "-O";
				VALIDATE_PRODUCT = YES;
			};
			name = Release;
		};
		5569F1DA24D1536000E2C841 /* Debug */ = {
			isa = XCBuildConfiguration;
			buildSettings = {
				ASSETCATALOG_COMPILER_APPICON_NAME = AppIcon;
				CODE_SIGN_STYLE = Automatic;
				DEVELOPMENT_TEAM = GJM8829Q7N;
				INFOPLIST_FILE = ePocket/Info.plist;
				LD_RUNPATH_SEARCH_PATHS = (
					"$(inherited)",
					"@executable_path/Frameworks",
				);
				PRODUCT_BUNDLE_IDENTIFIER = com.gokulnair.ePocket;
				PRODUCT_NAME = "$(TARGET_NAME)";
				SWIFT_VERSION = 5.0;
				TARGETED_DEVICE_FAMILY = "1,2";
			};
			name = Debug;
		};
		5569F1DB24D1536000E2C841 /* Release */ = {
			isa = XCBuildConfiguration;
			buildSettings = {
				ASSETCATALOG_COMPILER_APPICON_NAME = AppIcon;
				CODE_SIGN_STYLE = Automatic;
				DEVELOPMENT_TEAM = GJM8829Q7N;
				INFOPLIST_FILE = ePocket/Info.plist;
				LD_RUNPATH_SEARCH_PATHS = (
					"$(inherited)",
					"@executable_path/Frameworks",
				);
				PRODUCT_BUNDLE_IDENTIFIER = com.gokulnair.ePocket;
				PRODUCT_NAME = "$(TARGET_NAME)";
				SWIFT_VERSION = 5.0;
				TARGETED_DEVICE_FAMILY = "1,2";
			};
			name = Release;
		};
/* End XCBuildConfiguration section */

/* Begin XCConfigurationList section */
		5569F1C024D1535F00E2C841 /* Build configuration list for PBXProject "ePocket" */ = {
			isa = XCConfigurationList;
			buildConfigurations = (
				5569F1D724D1536000E2C841 /* Debug */,
				5569F1D824D1536000E2C841 /* Release */,
			);
			defaultConfigurationIsVisible = 0;
			defaultConfigurationName = Release;
		};
		5569F1D924D1536000E2C841 /* Build configuration list for PBXNativeTarget "ePocket" */ = {
			isa = XCConfigurationList;
			buildConfigurations = (
				5569F1DA24D1536000E2C841 /* Debug */,
				5569F1DB24D1536000E2C841 /* Release */,
			);
			defaultConfigurationIsVisible = 0;
			defaultConfigurationName = Release;
		};
/* End XCConfigurationList section */
	};
	rootObject = 5569F1BD24D1535F00E2C841 /* Project object */;
}
